
Microsoft Visual Studio Solution File, Format Version 12.00
# Visual Studio Version 17
VisualStudioVersion = 17.7.34024.191
MinimumVisualStudioVersion = 10.0.40219.1
Project("{9A19103F-16F7-4668-BE54-9A1E7A4F7556}") = "RecuperatorioTomasRuibal", "RecuperatorioTomasRuibal.csproj", "{DE59B814-882C-4E67-96E3-51E416AEAF8B}"
EndProject
Project("{FAE04EC0-301F-11D3-BF4B-00C04F79EFBC}") = "Datos", "Datos\Datos.csproj", "{C1395EEA-341C-4C95-BC47-D6CB40D14450}"
EndProject
Project("{FAE04EC0-301F-11D3-BF4B-00C04F79EFBC}") = "Negocio", "Negocio\Negocio.csproj", "{4626EA95-E5DA-4EA8-BFD4-2EBAC50DB615}"
EndProject
Project("{FAE04EC0-301F-11D3-BF4B-00C04F79EFBC}") = "Entidades", "Entidades\Entidades.csproj", "{0FC8A7A4-9BD2-4D90-92FC-AC0BC4DDE6D2}"
EndProject
Global
	GlobalSection(SolutionConfigurationPlatforms) = preSolution
		Debug|Any CPU = Debug|Any CPU
		Release|Any CPU = Release|Any CPU
	EndGlobalSection
	GlobalSection(ProjectConfigurationPlatforms) = postSolution
		{DE59B814-882C-4E67-96E3-51E416AEAF8B}.Debug|Any CPU.ActiveCfg = Debug|Any CPU
		{DE59B814-882C-4E67-96E3-51E416AEAF8B}.Debug|Any CPU.Build.0 = Debug|Any CPU
		{DE59B814-882C-4E67-96E3-51E416AEAF8B}.Release|Any CPU.ActiveCfg = Release|Any CPU
		{DE59B814-882C-4E67-96E3-51E416AEAF8B}.Release|Any CPU.Build.0 = Release|Any CPU
		{C1395EEA-341C-4C95-BC47-D6CB40D14450}.Debug|Any CPU.ActiveCfg = Debug|Any CPU
		{C1395EEA-341C-4C95-BC47-D6CB40D14450}.Debug|Any CPU.Build.0 = Debug|Any CPU
		{C1395EEA-341C-4C95-BC47-D6CB40D14450}.Release|Any CPU.ActiveCfg = Release|Any CPU
		{C1395EEA-341C-4C95-BC47-D6CB40D14450}.Release|Any CPU.Build.0 = Release|Any CPU
		{4626EA95-E5DA-4EA8-BFD4-2EBAC50DB615}.Debug|Any CPU.ActiveCfg = Debug|Any CPU
		{4626EA95-E5DA-4EA8-BFD4-2EBAC50DB615}.Debug|Any CPU.Build.0 = Debug|Any CPU
		{4626EA95-E5DA-4EA8-BFD4-2EBAC50DB615}.Release|Any CPU.ActiveCfg = Release|Any CPU
		{4626EA95-E5DA-4EA8-BFD4-2EBAC50DB615}.Release|Any CPU.Build.0 = Release|Any CPU
		{0FC8A7A4-9BD2-4D90-92FC-AC0BC4DDE6D2}.Debug|Any CPU.ActiveCfg = Debug|Any CPU
		{0FC8A7A4-9BD2-4D90-92FC-AC0BC4DDE6D2}.Debug|Any CPU.Build.0 = Debug|Any CPU
		{0FC8A7A4-9BD2-4D90-92FC-AC0BC4DDE6D2}.Release|Any CPU.ActiveCfg = Release|Any CPU
		{0FC8A7A4-9BD2-4D90-92FC-AC0BC4DDE6D2}.Release|Any CPU.Build.0 = Release|Any CPU
	EndGlobalSection
	GlobalSection(SolutionProperties) = preSolution
		HideSolutionNode = FALSE
	EndGlobalSection
	GlobalSection(ExtensibilityGlobals) = postSolution
		SolutionGuid = {533C6257-BFC7-4C54-96DE-2D92BB771550}
	EndGlobalSection
EndGlobal
